
Microsoft Visual Studio Solution File, Format Version 12.00
# Visual Studio Version 17
VisualStudioVersion = 17.2.32616.157
MinimumVisualStudioVersion = 10.0.40219.1
Project("{FAE04EC0-301F-11D3-BF4B-00C04F79EFBC}") = "AddressBook.View", "AddressBook.View\AddressBook.View.csproj", "{23A71B2F-DCCB-419E-BB7B-A9CF89D50BEA}"
EndProject
Project("{FAE04EC0-301F-11D3-BF4B-00C04F79EFBC}") = "AddressBook.Model", "AddressBook.Model\AddressBook.Model.csproj", "{2B63FCE9-4610-4B50-91E9-870C5700326B}"
EndProject
Project("{FAE04EC0-301F-11D3-BF4B-00C04F79EFBC}") = "AddressBook.ViewModel", "AddressBook.ViewModel\AddressBook.ViewModel.csproj", "{303513C8-C6A5-4707-97ED-8E7510E0A7E8}"
EndProject
Global
	GlobalSection(SolutionConfigurationPlatforms) = preSolution
		Debug|Any CPU = Debug|Any CPU
		Release|Any CPU = Release|Any CPU
	EndGlobalSection
	GlobalSection(ProjectConfigurationPlatforms) = postSolution
		{23A71B2F-DCCB-419E-BB7B-A9CF89D50BEA}.Debug|Any CPU.ActiveCfg = Debug|Any CPU
		{23A71B2F-DCCB-419E-BB7B-A9CF89D50BEA}.Debug|Any CPU.Build.0 = Debug|Any CPU
		{23A71B2F-DCCB-419E-BB7B-A9CF89D50BEA}.Release|Any CPU.ActiveCfg = Release|Any CPU
		{23A71B2F-DCCB-419E-BB7B-A9CF89D50BEA}.Release|Any CPU.Build.0 = Release|Any CPU
		{2B63FCE9-4610-4B50-91E9-870C5700326B}.Debug|Any CPU.ActiveCfg = Debug|Any CPU
		{2B63FCE9-4610-4B50-91E9-870C5700326B}.Debug|Any CPU.Build.0 = Debug|Any CPU
		{2B63FCE9-4610-4B50-91E9-870C5700326B}.Release|Any CPU.ActiveCfg = Release|Any CPU
		{2B63FCE9-4610-4B50-91E9-870C5700326B}.Release|Any CPU.Build.0 = Release|Any CPU
		{303513C8-C6A5-4707-97ED-8E7510E0A7E8}.Debug|Any CPU.ActiveCfg = Debug|Any CPU
		{303513C8-C6A5-4707-97ED-8E7510E0A7E8}.Debug|Any CPU.Build.0 = Debug|Any CPU
		{303513C8-C6A5-4707-97ED-8E7510E0A7E8}.Release|Any CPU.ActiveCfg = Release|Any CPU
		{303513C8-C6A5-4707-97ED-8E7510E0A7E8}.Release|Any CPU.Build.0 = Release|Any CPU
	EndGlobalSection
	GlobalSection(SolutionProperties) = preSolution
		HideSolutionNode = FALSE
	EndGlobalSection
	GlobalSection(ExtensibilityGlobals) = postSolution
		SolutionGuid = {BB9A14AC-0D9F-4A38-B580-EDD4812E98A6}
	EndGlobalSection
EndGlobal
